
Microsoft Visual Studio Solution File, Format Version 12.00
# Visual Studio Version 17
VisualStudioVersion = 17.2.32505.173
MinimumVisualStudioVersion = 10.0.40219.1
Project("{FAE04EC0-301F-11D3-BF4B-00C04F79EFBC}") = "Microshaoft.Common.Utilities.Net.6.x", "Microshaoft.Common.Utilities.Net.6.x.csproj", "{0B888E67-BE90-4977-9E1F-6FC0E6E7621E}"
EndProject
Global
	GlobalSection(SolutionConfigurationPlatforms) = preSolution
		Debug|Any CPU = Debug|Any CPU
		Release|Any CPU = Release|Any CPU
	EndGlobalSection
	GlobalSection(ProjectConfigurationPlatforms) = postSolution
		{0B888E67-BE90-4977-9E1F-6FC0E6E7621E}.Debug|Any CPU.ActiveCfg = Debug|Any CPU
		{0B888E67-BE90-4977-9E1F-6FC0E6E7621E}.Debug|Any CPU.Build.0 = Debug|Any CPU
		{0B888E67-BE90-4977-9E1F-6FC0E6E7621E}.Release|Any CPU.ActiveCfg = Release|Any CPU
		{0B888E67-BE90-4977-9E1F-6FC0E6E7621E}.Release|Any CPU.Build.0 = Release|Any CPU
	EndGlobalSection
	GlobalSection(SolutionProperties) = preSolution
		HideSolutionNode = FALSE
	EndGlobalSection
	GlobalSection(ExtensibilityGlobals) = postSolution
		SolutionGuid = {0669E030-A1FE-4EF0-994F-FC8C85086896}
	EndGlobalSection
EndGlobal
